
Microsoft Visual Studio Solution File, Format Version 12.00
# Visual Studio Version 16
VisualStudioVersion = 16.0.32002.261
MinimumVisualStudioVersion = 10.0.40219.1
Project("{FAE04EC0-301F-11D3-BF4B-00C04F79EFBC}") = "GenshinPublic", "GenshinPublic.csproj", "{9161CC91-33C3-4788-897A-7F3118ED8160}"
EndProject
Global
	GlobalSection(SolutionConfigurationPlatforms) = preSolution
		Debug|Any CPU = Debug|Any CPU
		Release|Any CPU = Release|Any CPU
	EndGlobalSection
	GlobalSection(ProjectConfigurationPlatforms) = postSolution
		{9161CC91-33C3-4788-897A-7F3118ED8160}.Debug|Any CPU.ActiveCfg = Debug|Any CPU
		{9161CC91-33C3-4788-897A-7F3118ED8160}.Debug|Any CPU.Build.0 = Debug|Any CPU
		{9161CC91-33C3-4788-897A-7F3118ED8160}.Release|Any CPU.ActiveCfg = Release|Any CPU
		{9161CC91-33C3-4788-897A-7F3118ED8160}.Release|Any CPU.Build.0 = Release|Any CPU
	EndGlobalSection
	GlobalSection(SolutionProperties) = preSolution
		HideSolutionNode = FALSE
	EndGlobalSection
	GlobalSection(ExtensibilityGlobals) = postSolution
		SolutionGuid = {F4D83CB7-14EA-42EA-978E-D340F1621BC9}
	EndGlobalSection
EndGlobal
